{
  "version": 4,
  "terraform_version": "1.10.1",
  "serial": 227,
  "lineage": "f49c925d-c6fe-86a2-0968-530894c94a29",
  "outputs": {},
  "resources": [
    {
      "mode": "managed",
      "type": "azurerm_application_insights",
      "name": "example",
      "provider": "provider[\"registry.terraform.io/hashicorp/azurerm\"]",
      "instances": [
        {
          "schema_version": 2,
          "attributes": {
            "app_id": "0d4a9bb5-48f0-444c-a125-a5ce0f36593f",
            "application_type": "web",
            "connection_string": "InstrumentationKey=7b3bf579-db63-4792-ac11-494dd9b1e492;IngestionEndpoint=https://polandcentral-0.in.applicationinsights.azure.com/;LiveEndpoint=https://polandcentral.livediagnostics.monitor.azure.com/;ApplicationId=0d4a9bb5-48f0-444c-a125-a5ce0f36593f",
            "daily_data_cap_in_gb": 100,
            "daily_data_cap_notifications_disabled": false,
            "disable_ip_masking": false,
            "force_customer_storage_for_profiler": false,
            "id": "/subscriptions/c8e97c40-96b0-402f-8c6b-9b4dc5911fdc/resourceGroups/project-relativity/providers/Microsoft.Insights/components/relativity-appinsights",
            "instrumentation_key": "7b3bf579-db63-4792-ac11-494dd9b1e492",
            "internet_ingestion_enabled": true,
            "internet_query_enabled": true,
            "local_authentication_disabled": false,
            "location": "polandcentral",
            "name": "relativity-appinsights",
            "resource_group_name": "project-relativity",
            "retention_in_days": 90,
            "sampling_percentage": 100,
            "tags": null,
            "timeouts": null,
            "workspace_id": "/subscriptions/c8e97c40-96b0-402f-8c6b-9b4dc5911fdc/resourceGroups/project-relativity/providers/Microsoft.OperationalInsights/workspaces/workspace-relativity"
          },
          "sensitive_attributes": [
            [
              {
                "type": "get_attr",
                "value": "connection_string"
              }
            ],
            [
              {
                "type": "get_attr",
                "value": "instrumentation_key"
              }
            ]
          ],
          "private": "eyJlMmJmYjczMC1lY2FhLTExZTYtOGY4OC0zNDM2M2JjN2M0YzAiOnsiY3JlYXRlIjozNjAwMDAwMDAwMDAwLCJkZWxldGUiOjE4MDAwMDAwMDAwMDAsInJlYWQiOjMwMDAwMDAwMDAwMCwidXBkYXRlIjoxODAwMDAwMDAwMDAwfSwic2NoZW1hX3ZlcnNpb24iOiIyIn0=",
          "dependencies": [
            "azurerm_log_analytics_workspace.example",
            "azurerm_resource_group.projekt_rg"
          ]
        }
      ]
    },
    {
      "mode": "managed",
      "type": "azurerm_linux_function_app",
      "name": "example",
      "provider": "provider[\"registry.terraform.io/hashicorp/azurerm\"]",
      "instances": [
        {
          "schema_version": 1,
          "attributes": {
            "app_settings": {
              "APPINSIGHTS_INSTRUMENTATION_KEY": "7b3bf579-db63-4792-ac11-494dd9b1e492",
              "COSMOS_CONTAINER": "xd",
              "COSMOS_DATABASE": "xd",
              "COSMOS_ENDPOINT": "xd",
              "COSMOS_KEY": "Nvntl4QZQlEAEC88Dl8hnUaC1dGlD5p80mDRxIWg1DkD1ZR4OsZuL9PsLzyLcNxlYBGCVL1RiOzTACDbFqveRg==",
              "DB_URI": "Driver={ODBC Driver 17 for SQL Server};Server=tcp:skibidi-projekt-relativity.database.windows.net,1433;Database=mydatabase;Uid=adminek;Pwd=P@ssw0rd!2023Secure;Encrypt=yes;TrustServerCertificate=no;Connection Timeout=30;",
              "SENDGRID_API_KEY": "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",
              "SENDGRID_EMAIL": "kubizm.wypelzly_0w@icloud.com"
            },
            "auth_settings": [],
            "auth_settings_v2": [],
            "backup": [],
            "builtin_logging_enabled": true,
            "client_certificate_enabled": false,
            "client_certificate_exclusion_paths": "",
            "client_certificate_mode": "Optional",
            "connection_string": [],
            "content_share_force_disabled": false,
            "custom_domain_verification_id": "23F7495ABF07E19C6C2B4F31514E63043021238832A24CAF613EAD9EDC5D58D1",
            "daily_memory_time_quota": 0,
            "default_hostname": "my-function-app-realtivity-essa.azurewebsites.net",
            "enabled": true,
            "ftp_publish_basic_authentication_enabled": true,
            "functions_extension_version": "~4",
            "hosting_environment_id": "",
            "https_only": false,
            "id": "/subscriptions/c8e97c40-96b0-402f-8c6b-9b4dc5911fdc/resourceGroups/project-relativity/providers/Microsoft.Web/sites/my-function-app-realtivity-essa",
            "identity": [],
            "key_vault_reference_identity_id": "SystemAssigned",
            "kind": "functionapp,linux",
            "location": "polandcentral",
            "name": "my-function-app-realtivity-essa",
            "outbound_ip_address_list": [
              "20.215.90.80",
              "20.215.90.87",
              "20.215.88.54",
              "20.215.88.55",
              "20.215.88.92",
              "20.215.88.93",
              "20.215.88.213",
              "20.215.88.246",
              "20.215.89.20",
              "20.215.89.22",
              "20.215.89.29",
              "20.215.89.30",
              "20.215.12.2"
            ],
            "outbound_ip_addresses": "20.215.90.80,20.215.90.87,20.215.88.54,20.215.88.55,20.215.88.92,20.215.88.93,20.215.88.213,20.215.88.246,20.215.89.20,20.215.89.22,20.215.89.29,20.215.89.30,20.215.12.2",
            "possible_outbound_ip_address_list": [
              "20.215.90.80",
              "20.215.90.87",
              "20.215.88.54",
              "20.215.88.55",
              "20.215.88.92",
              "20.215.88.93",
              "20.215.88.213",
              "20.215.88.246",
              "20.215.89.20",
              "20.215.89.22",
              "20.215.89.29",
              "20.215.89.30",
              "20.215.89.139",
              "20.215.89.176",
              "20.215.89.178",
              "20.215.89.208",
              "20.215.89.254",
              "20.215.90.18",
              "20.215.90.35",
              "20.215.90.43",
              "20.215.90.50",
              "20.215.90.54",
              "20.215.90.61",
              "20.215.90.68",
              "20.215.88.133",
              "20.215.88.194",
              "20.215.88.218",
              "20.215.88.69",
              "20.215.89.59",
              "20.215.89.61",
              "20.215.12.2"
            ],
            "possible_outbound_ip_addresses": "20.215.90.80,20.215.90.87,20.215.88.54,20.215.88.55,20.215.88.92,20.215.88.93,20.215.88.213,20.215.88.246,20.215.89.20,20.215.89.22,20.215.89.29,20.215.89.30,20.215.89.139,20.215.89.176,20.215.89.178,20.215.89.208,20.215.89.254,20.215.90.18,20.215.90.35,20.215.90.43,20.215.90.50,20.215.90.54,20.215.90.61,20.215.90.68,20.215.88.133,20.215.88.194,20.215.88.218,20.215.88.69,20.215.89.59,20.215.89.61,20.215.12.2",
            "public_network_access_enabled": true,
            "resource_group_name": "project-relativity",
            "service_plan_id": "/subscriptions/c8e97c40-96b0-402f-8c6b-9b4dc5911fdc/resourceGroups/project-relativity/providers/Microsoft.Web/serverFarms/my-app-service-plan-78282",
            "site_config": [
              {
                "always_on": false,
                "api_definition_url": "",
                "api_management_api_id": "",
                "app_command_line": "",
                "app_scale_limit": 0,
                "app_service_logs": [],
                "application_insights_connection_string": "",
                "application_insights_key": "",
                "application_stack": [
                  {
                    "docker": [],
                    "dotnet_version": "",
                    "java_version": "",
                    "node_version": "",
                    "powershell_core_version": "",
                    "python_version": "3.9",
                    "use_custom_runtime": false,
                    "use_dotnet_isolated_runtime": false
                  }
                ],
                "container_registry_managed_identity_client_id": "",
                "container_registry_use_managed_identity": false,
                "cors": [],
                "default_documents": [
                  "Default.htm",
                  "Default.html",
                  "Default.asp",
                  "index.htm",
                  "index.html",
                  "iisstart.htm",
                  "default.aspx",
                  "index.php"
                ],
                "detailed_error_logging_enabled": false,
                "elastic_instance_minimum": 0,
                "ftps_state": "Disabled",
                "health_check_eviction_time_in_min": 0,
                "health_check_path": "",
                "http2_enabled": false,
                "ip_restriction": [],
                "ip_restriction_default_action": "Allow",
                "linux_fx_version": "PYTHON|3.9",
                "load_balancing_mode": "LeastRequests",
                "managed_pipeline_mode": "Integrated",
                "minimum_tls_version": "1.2",
                "pre_warmed_instance_count": 0,
                "remote_debugging_enabled": false,
                "remote_debugging_version": "",
                "runtime_scale_monitoring_enabled": false,
                "scm_ip_restriction": [],
                "scm_ip_restriction_default_action": "Allow",
                "scm_minimum_tls_version": "1.2",
                "scm_type": "None",
                "scm_use_main_ip_restriction": false,
                "use_32_bit_worker": false,
                "vnet_route_all_enabled": false,
                "websockets_enabled": false,
                "worker_count": 1
              }
            ],
            "site_credential": [
              {
                "name": "$my-function-app-realtivity-essa",
                "password": "dHel8WDv2atBozrkfp04Z5AupSA60ManXK7iA7Y3LlsL7rEhe0EYeAxRjN4L"
              }
            ],
            "sticky_settings": [
              {
                "app_setting_names": [
                  "APPINSIGHTS_INSTRUMENTATIONKEY",
                  "APPLICATIONINSIGHTS_CONNECTION_STRING ",
                  "APPINSIGHTS_PROFILERFEATURE_VERSION",
                  "APPINSIGHTS_SNAPSHOTFEATURE_VERSION",
                  "ApplicationInsightsAgent_EXTENSION_VERSION",
                  "XDT_MicrosoftApplicationInsights_BaseExtensions",
                  "DiagnosticServices_EXTENSION_VERSION",
                  "InstrumentationEngine_EXTENSION_VERSION",
                  "SnapshotDebugger_EXTENSION_VERSION",
                  "XDT_MicrosoftApplicationInsights_Mode",
                  "XDT_MicrosoftApplicationInsights_PreemptSdk",
                  "APPLICATIONINSIGHTS_CONFIGURATION_CONTENT",
                  "XDT_MicrosoftApplicationInsightsJava",
                  "XDT_MicrosoftApplicationInsights_NodeJS"
                ],
                "connection_string_names": []
              }
            ],
            "storage_account": [],
            "storage_account_access_key": "3GePGzWw2NTgkQXE1qrz+NTnl/BRN0WjuHDJcpVhvK2k7l4Be5rDCiFoj1yIk9pVSoHPAMKjayxe+AStoVW3yQ==",
            "storage_account_name": "storagerelativity",
            "storage_key_vault_secret_id": "",
            "storage_uses_managed_identity": false,
            "tags": null,
            "timeouts": null,
            "virtual_network_subnet_id": "",
            "webdeploy_publish_basic_authentication_enabled": true,
            "zip_deploy_file": ""
          },
          "sensitive_attributes": [
            [
              {
                "type": "get_attr",
                "value": "custom_domain_verification_id"
              }
            ],
            [
              {
                "type": "get_attr",
                "value": "site_config"
              },
              {
                "type": "index",
                "value": {
                  "value": 0,
                  "type": "number"
                }
              },
              {
                "type": "get_attr",
                "value": "application_insights_key"
              }
            ],
            [
              {
                "type": "get_attr",
                "value": "site_config"
              },
              {
                "type": "index",
                "value": {
                  "value": 0,
                  "type": "number"
                }
              },
              {
                "type": "get_attr",
                "value": "application_insights_connection_string"
              }
            ],
            [
              {
                "type": "get_attr",
                "value": "storage_account_access_key"
              }
            ],
            [
              {
                "type": "get_attr",
                "value": "site_credential"
              }
            ],
            [
              {
                "type": "get_attr",
                "value": "app_settings"
              },
              {
                "type": "index",
                "value": {
                  "value": "APPINSIGHTS_INSTRUMENTATION_KEY",
                  "type": "string"
                }
              }
            ]
          ],
          "private": "eyJlMmJmYjczMC1lY2FhLTExZTYtOGY4OC0zNDM2M2JjN2M0YzAiOnsiY3JlYXRlIjoxODAwMDAwMDAwMDAwLCJkZWxldGUiOjE4MDAwMDAwMDAwMDAsInJlYWQiOjMwMDAwMDAwMDAwMCwidXBkYXRlIjoxODAwMDAwMDAwMDAwfSwic2NoZW1hX3ZlcnNpb24iOiIxIn0=",
          "dependencies": [
            "azurerm_application_insights.example",
            "azurerm_log_analytics_workspace.example",
            "azurerm_mssql_server.server_sql",
            "azurerm_resource_group.projekt_rg",
            "azurerm_service_plan.appserviceplan",
            "azurerm_storage_account.example",
            "random_integer.ri"
          ]
        }
      ]
    },
    {
      "mode": "managed",
      "type": "azurerm_linux_web_app",
      "name": "webapp",
      "provider": "provider[\"registry.terraform.io/hashicorp/azurerm\"]",
      "instances": [
        {
          "schema_version": 1,
          "attributes": {
            "app_settings": {
              "APPINSIGHTS_INSTRUMENTATION_KEY": "7b3bf579-db63-4792-ac11-494dd9b1e492",
              "DB_PASS": "P@ssw0rd!2023Secure",
              "DB_URI": "Driver={ODBC Driver 18 for SQL Server};Server=tcp:skibidi-projekt-relativity.database.windows.net,1433;Database=mydatabase;Uid=adminek;Pwd=P@ssw0rd!2023Secure;Encrypt=yes;TrustServerCertificate=no;Connection Timeout=30;",
              "DB_USER": "adminek",
              "SECRET_KEY": "ACompl1cat3dText."
            },
            "auth_settings": [],
            "auth_settings_v2": [],
            "backup": [],
            "client_affinity_enabled": false,
            "client_certificate_enabled": false,
            "client_certificate_exclusion_paths": "",
            "client_certificate_mode": "Required",
            "connection_string": [],
            "custom_domain_verification_id": "23F7495ABF07E19C6C2B4F31514E63043021238832A24CAF613EAD9EDC5D58D1",
            "default_hostname": "skibidi-projekt-relativity-web-app.azurewebsites.net",
            "enabled": true,
            "ftp_publish_basic_authentication_enabled": true,
            "hosting_environment_id": "",
            "https_only": true,
            "id": "/subscriptions/c8e97c40-96b0-402f-8c6b-9b4dc5911fdc/resourceGroups/project-relativity/providers/Microsoft.Web/sites/skibidi-projekt-relativity-web-app",
            "identity": [],
            "key_vault_reference_identity_id": "SystemAssigned",
            "kind": "app,linux",
            "location": "polandcentral",
            "logs": [],
            "name": "skibidi-projekt-relativity-web-app",
            "outbound_ip_address_list": [
              "20.215.90.80",
              "20.215.90.87",
              "20.215.88.54",
              "20.215.88.55",
              "20.215.88.92",
              "20.215.88.93",
              "20.215.88.213",
              "20.215.88.246",
              "20.215.89.20",
              "20.215.89.22",
              "20.215.89.29",
              "20.215.89.30",
              "20.215.12.2"
            ],
            "outbound_ip_addresses": "20.215.90.80,20.215.90.87,20.215.88.54,20.215.88.55,20.215.88.92,20.215.88.93,20.215.88.213,20.215.88.246,20.215.89.20,20.215.89.22,20.215.89.29,20.215.89.30,20.215.12.2",
            "possible_outbound_ip_address_list": [
              "20.215.90.80",
              "20.215.90.87",
              "20.215.88.54",
              "20.215.88.55",
              "20.215.88.92",
              "20.215.88.93",
              "20.215.88.213",
              "20.215.88.246",
              "20.215.89.20",
              "20.215.89.22",
              "20.215.89.29",
              "20.215.89.30",
              "20.215.89.139",
              "20.215.89.176",
              "20.215.89.178",
              "20.215.89.208",
              "20.215.89.254",
              "20.215.90.18",
              "20.215.90.35",
              "20.215.90.43",
              "20.215.90.50",
              "20.215.90.54",
              "20.215.90.61",
              "20.215.90.68",
              "20.215.88.133",
              "20.215.88.194",
              "20.215.88.218",
              "20.215.88.69",
              "20.215.89.59",
              "20.215.89.61",
              "20.215.12.2"
            ],
            "possible_outbound_ip_addresses": "20.215.90.80,20.215.90.87,20.215.88.54,20.215.88.55,20.215.88.92,20.215.88.93,20.215.88.213,20.215.88.246,20.215.89.20,20.215.89.22,20.215.89.29,20.215.89.30,20.215.89.139,20.215.89.176,20.215.89.178,20.215.89.208,20.215.89.254,20.215.90.18,20.215.90.35,20.215.90.43,20.215.90.50,20.215.90.54,20.215.90.61,20.215.90.68,20.215.88.133,20.215.88.194,20.215.88.218,20.215.88.69,20.215.89.59,20.215.89.61,20.215.12.2",
            "public_network_access_enabled": true,
            "resource_group_name": "project-relativity",
            "service_plan_id": "/subscriptions/c8e97c40-96b0-402f-8c6b-9b4dc5911fdc/resourceGroups/project-relativity/providers/Microsoft.Web/serverFarms/my-app-service-plan-78282",
            "site_config": [
              {
                "always_on": true,
                "api_definition_url": "",
                "api_management_api_id": "",
                "app_command_line": "",
                "application_stack": [
                  {
                    "docker_image": "",
                    "docker_image_name": "",
                    "docker_image_tag": "",
                    "docker_registry_password": "",
                    "docker_registry_url": "",
                    "docker_registry_username": "",
                    "dotnet_version": "",
                    "go_version": "",
                    "java_server": "",
                    "java_server_version": "",
                    "java_version": "",
                    "node_version": "",
                    "php_version": "",
                    "python_version": "3.10",
                    "ruby_version": ""
                  }
                ],
                "auto_heal_enabled": false,
                "auto_heal_setting": [],
                "container_registry_managed_identity_client_id": "",
                "container_registry_use_managed_identity": false,
                "cors": [],
                "default_documents": [
                  "Default.htm",
                  "Default.html",
                  "Default.asp",
                  "index.htm",
                  "index.html",
                  "iisstart.htm",
                  "default.aspx",
                  "index.php",
                  "hostingstart.html"
                ],
                "detailed_error_logging_enabled": false,
                "ftps_state": "Disabled",
                "health_check_eviction_time_in_min": 0,
                "health_check_path": "",
                "http2_enabled": false,
                "ip_restriction": [],
                "ip_restriction_default_action": "Allow",
                "linux_fx_version": "PYTHON|3.10",
                "load_balancing_mode": "LeastRequests",
                "local_mysql_enabled": false,
                "managed_pipeline_mode": "Integrated",
                "minimum_tls_version": "1.2",
                "remote_debugging_enabled": false,
                "remote_debugging_version": "VS2022",
                "scm_ip_restriction": [],
                "scm_ip_restriction_default_action": "Allow",
                "scm_minimum_tls_version": "1.2",
                "scm_type": "None",
                "scm_use_main_ip_restriction": false,
                "use_32_bit_worker": true,
                "vnet_route_all_enabled": false,
                "websockets_enabled": false,
                "worker_count": 1
              }
            ],
            "site_credential": [
              {
                "name": "$skibidi-projekt-relativity-web-app",
                "password": "mYSXxGasPXmi4Xw5XPWv3gQ3gA4KXMbxPWf9Gj0ypZ3mAExlSyWTycp2cvZo"
              }
            ],
            "sticky_settings": [
              {
                "app_setting_names": [
                  "APPINSIGHTS_INSTRUMENTATIONKEY",
                  "APPLICATIONINSIGHTS_CONNECTION_STRING ",
                  "APPINSIGHTS_PROFILERFEATURE_VERSION",
                  "APPINSIGHTS_SNAPSHOTFEATURE_VERSION",
                  "ApplicationInsightsAgent_EXTENSION_VERSION",
                  "XDT_MicrosoftApplicationInsights_BaseExtensions",
                  "DiagnosticServices_EXTENSION_VERSION",
                  "InstrumentationEngine_EXTENSION_VERSION",
                  "SnapshotDebugger_EXTENSION_VERSION",
                  "XDT_MicrosoftApplicationInsights_Mode",
                  "XDT_MicrosoftApplicationInsights_PreemptSdk",
                  "APPLICATIONINSIGHTS_CONFIGURATION_CONTENT",
                  "XDT_MicrosoftApplicationInsightsJava",
                  "XDT_MicrosoftApplicationInsights_NodeJS"
                ],
                "connection_string_names": []
              }
            ],
            "storage_account": [],
            "tags": null,
            "timeouts": null,
            "virtual_network_subnet_id": "",
            "webdeploy_publish_basic_authentication_enabled": true,
            "zip_deploy_file": ""
          },
          "sensitive_attributes": [
            [
              {
                "type": "get_attr",
                "value": "site_credential"
              }
            ],
            [
              {
                "type": "get_attr",
                "value": "site_config"
              },
              {
                "type": "index",
                "value": {
                  "value": 0,
                  "type": "number"
                }
              },
              {
                "type": "get_attr",
                "value": "application_stack"
              },
              {
                "type": "index",
                "value": {
                  "value": 0,
                  "type": "number"
                }
              },
              {
                "type": "get_attr",
                "value": "docker_registry_password"
              }
            ],
            [
              {
                "type": "get_attr",
                "value": "app_settings"
              },
              {
                "type": "index",
                "value": {
                  "value": "APPINSIGHTS_INSTRUMENTATION_KEY",
                  "type": "string"
                }
              }
            ],
            [
              {
                "type": "get_attr",
                "value": "custom_domain_verification_id"
              }
            ]
          ],
          "private": "eyJlMmJmYjczMC1lY2FhLTExZTYtOGY4OC0zNDM2M2JjN2M0YzAiOnsiY3JlYXRlIjoxODAwMDAwMDAwMDAwLCJkZWxldGUiOjE4MDAwMDAwMDAwMDAsInJlYWQiOjMwMDAwMDAwMDAwMCwidXBkYXRlIjoxODAwMDAwMDAwMDAwfSwic2NoZW1hX3ZlcnNpb24iOiIxIn0=",
          "dependencies": [
            "azurerm_application_insights.example",
            "azurerm_log_analytics_workspace.example",
            "azurerm_mssql_server.server_sql",
            "azurerm_resource_group.projekt_rg",
            "azurerm_service_plan.appserviceplan",
            "random_integer.ri"
          ]
        }
      ]
    },
    {
      "mode": "managed",
      "type": "azurerm_log_analytics_workspace",
      "name": "example",
      "provider": "provider[\"registry.terraform.io/hashicorp/azurerm\"]",
      "instances": [
        {
          "schema_version": 3,
          "attributes": {
            "allow_resource_only_permissions": true,
            "cmk_for_query_forced": false,
            "daily_quota_gb": -1,
            "data_collection_rule_id": "",
            "id": "/subscriptions/c8e97c40-96b0-402f-8c6b-9b4dc5911fdc/resourceGroups/project-relativity/providers/Microsoft.OperationalInsights/workspaces/workspace-relativity",
            "identity": [],
            "immediate_data_purge_on_30_days_enabled": false,
            "internet_ingestion_enabled": true,
            "internet_query_enabled": true,
            "local_authentication_disabled": false,
            "location": "polandcentral",
            "name": "workspace-relativity",
            "primary_shared_key": "gWrVTEKNmGSXvwTYvYAcjR6tjvim/+hy4Zk0DB8rVDnQxxOP+heKGZYIURnmXPLrrHRzvrE3gc63YCOL5ZTwpA==",
            "reservation_capacity_in_gb_per_day": null,
            "resource_group_name": "project-relativity",
            "retention_in_days": 30,
            "secondary_shared_key": "DmcNtThTY4gQDjSf7bi4FEpdvp/yLTNI8mUoG+AeLEa+PUQ5/TLk5d6662a7YuIxSD9gs09jhvc6Fi5D4qOdhw==",
            "sku": "PerGB2018",
            "tags": null,
            "timeouts": null,
            "workspace_id": "1191434d-dd9c-46bb-a261-51ac48fe07c5"
          },
          "sensitive_attributes": [
            [
              {
                "type": "get_attr",
                "value": "primary_shared_key"
              }
            ],
            [
              {
                "type": "get_attr",
                "value": "secondary_shared_key"
              }
            ]
          ],
          "private": "eyJlMmJmYjczMC1lY2FhLTExZTYtOGY4OC0zNDM2M2JjN2M0YzAiOnsiY3JlYXRlIjoxODAwMDAwMDAwMDAwLCJkZWxldGUiOjE4MDAwMDAwMDAwMDAsInJlYWQiOjMwMDAwMDAwMDAwMCwidXBkYXRlIjoxODAwMDAwMDAwMDAwfSwic2NoZW1hX3ZlcnNpb24iOiIzIn0=",
          "dependencies": [
            "azurerm_resource_group.projekt_rg"
          ]
        }
      ]
    },
    {
      "mode": "managed",
      "type": "azurerm_mssql_database",
      "name": "database_sql",
      "provider": "provider[\"registry.terraform.io/hashicorp/azurerm\"]",
      "instances": [
        {
          "schema_version": 1,
          "attributes": {
            "auto_pause_delay_in_minutes": 0,
            "collation": "SQL_Latin1_General_CP1_CI_AS",
            "create_mode": "Default",
            "creation_source_database_id": null,
            "elastic_pool_id": "",
            "enclave_type": "",
            "geo_backup_enabled": true,
            "id": "/subscriptions/c8e97c40-96b0-402f-8c6b-9b4dc5911fdc/resourceGroups/project-relativity/providers/Microsoft.Sql/servers/skibidi-projekt-relativity/databases/mydatabase",
            "identity": [],
            "import": [],
            "ledger_enabled": false,
            "license_type": "",
            "long_term_retention_policy": [
              {
                "immutable_backups_enabled": false,
                "monthly_retention": "PT0S",
                "week_of_year": 1,
                "weekly_retention": "PT0S",
                "yearly_retention": "PT0S"
              }
            ],
            "maintenance_configuration_name": "SQL_Default",
            "max_size_gb": 2,
            "min_capacity": 0,
            "name": "mydatabase",
            "read_replica_count": 0,
            "read_scale": false,
            "recover_database_id": null,
            "recovery_point_id": null,
            "restore_dropped_database_id": null,
            "restore_long_term_retention_backup_id": null,
            "restore_point_in_time": null,
            "sample_name": null,
            "secondary_type": "",
            "server_id": "/subscriptions/c8e97c40-96b0-402f-8c6b-9b4dc5911fdc/resourceGroups/project-relativity/providers/Microsoft.Sql/servers/skibidi-projekt-relativity",
            "short_term_retention_policy": [
              {
                "backup_interval_in_hours": 24,
                "retention_days": 7
              }
            ],
            "sku_name": "Basic",
            "storage_account_type": "Local",
            "tags": null,
            "threat_detection_policy": [
              {
                "disabled_alerts": [],
                "email_account_admins": "Disabled",
                "email_addresses": [],
                "retention_days": 0,
                "state": "Disabled",
                "storage_account_access_key": "",
                "storage_endpoint": ""
              }
            ],
            "timeouts": null,
            "transparent_data_encryption_enabled": true,
            "transparent_data_encryption_key_automatic_rotation_enabled": false,
            "transparent_data_encryption_key_vault_key_id": "",
            "zone_redundant": false
          },
          "sensitive_attributes": [
            [
              {
                "type": "get_attr",
                "value": "threat_detection_policy"
              },
              {
                "type": "index",
                "value": {
                  "value": 0,
                  "type": "number"
                }
              },
              {
                "type": "get_attr",
                "value": "storage_account_access_key"
              }
            ]
          ],
          "private": "eyJlMmJmYjczMC1lY2FhLTExZTYtOGY4OC0zNDM2M2JjN2M0YzAiOnsiY3JlYXRlIjozNjAwMDAwMDAwMDAwLCJkZWxldGUiOjM2MDAwMDAwMDAwMDAsInJlYWQiOjMwMDAwMDAwMDAwMCwidXBkYXRlIjozNjAwMDAwMDAwMDAwfSwic2NoZW1hX3ZlcnNpb24iOiIxIn0=",
          "dependencies": [
            "azurerm_mssql_server.server_sql",
            "azurerm_resource_group.projekt_rg"
          ]
        }
      ]
    },
    {
      "mode": "managed",
      "type": "azurerm_mssql_firewall_rule",
      "name": "firewall_sql",
      "provider": "provider[\"registry.terraform.io/hashicorp/azurerm\"]",
      "instances": [
        {
          "schema_version": 0,
          "attributes": {
            "end_ip_address": "0.0.0.0",
            "id": "/subscriptions/c8e97c40-96b0-402f-8c6b-9b4dc5911fdc/resourceGroups/project-relativity/providers/Microsoft.Sql/servers/skibidi-projekt-relativity/firewallRules/AllowAccessFromAzure",
            "name": "AllowAccessFromAzure",
            "server_id": "/subscriptions/c8e97c40-96b0-402f-8c6b-9b4dc5911fdc/resourceGroups/project-relativity/providers/Microsoft.Sql/servers/skibidi-projekt-relativity",
            "start_ip_address": "0.0.0.0",
            "timeouts": null
          },
          "sensitive_attributes": [],
          "private": "eyJlMmJmYjczMC1lY2FhLTExZTYtOGY4OC0zNDM2M2JjN2M0YzAiOnsiY3JlYXRlIjoxODAwMDAwMDAwMDAwLCJkZWxldGUiOjE4MDAwMDAwMDAwMDAsInJlYWQiOjMwMDAwMDAwMDAwMCwidXBkYXRlIjoxODAwMDAwMDAwMDAwfX0=",
          "dependencies": [
            "azurerm_mssql_server.server_sql",
            "azurerm_resource_group.projekt_rg"
          ]
        }
      ]
    },
    {
      "mode": "managed",
      "type": "azurerm_mssql_server",
      "name": "server_sql",
      "provider": "provider[\"registry.terraform.io/hashicorp/azurerm\"]",
      "instances": [
        {
          "schema_version": 0,
          "attributes": {
            "administrator_login": "adminek",
            "administrator_login_password": "P@ssw0rd!2023Secure",
            "azuread_administrator": [],
            "connection_policy": "Default",
            "fully_qualified_domain_name": "skibidi-projekt-relativity.database.windows.net",
            "id": "/subscriptions/c8e97c40-96b0-402f-8c6b-9b4dc5911fdc/resourceGroups/project-relativity/providers/Microsoft.Sql/servers/skibidi-projekt-relativity",
            "identity": [],
            "location": "polandcentral",
            "minimum_tls_version": "1.2",
            "name": "skibidi-projekt-relativity",
            "outbound_network_restriction_enabled": false,
            "primary_user_assigned_identity_id": "",
            "public_network_access_enabled": true,
            "resource_group_name": "project-relativity",
            "restorable_dropped_database_ids": [],
            "tags": null,
            "timeouts": null,
            "transparent_data_encryption_key_vault_key_id": "",
            "version": "12.0"
          },
          "sensitive_attributes": [
            [
              {
                "type": "get_attr",
                "value": "administrator_login_password"
              }
            ]
          ],
          "private": "eyJlMmJmYjczMC1lY2FhLTExZTYtOGY4OC0zNDM2M2JjN2M0YzAiOnsiY3JlYXRlIjozNjAwMDAwMDAwMDAwLCJkZWxldGUiOjM2MDAwMDAwMDAwMDAsInJlYWQiOjMwMDAwMDAwMDAwMCwidXBkYXRlIjozNjAwMDAwMDAwMDAwfX0=",
          "dependencies": [
            "azurerm_resource_group.projekt_rg"
          ]
        }
      ]
    },
    {
      "mode": "managed",
      "type": "azurerm_resource_group",
      "name": "projekt_rg",
      "provider": "provider[\"registry.terraform.io/hashicorp/azurerm\"]",
      "instances": [
        {
          "schema_version": 0,
          "attributes": {
            "id": "/subscriptions/c8e97c40-96b0-402f-8c6b-9b4dc5911fdc/resourceGroups/project-relativity",
            "location": "polandcentral",
            "managed_by": "",
            "name": "project-relativity",
            "tags": null,
            "timeouts": null
          },
          "sensitive_attributes": [],
          "private": "eyJlMmJmYjczMC1lY2FhLTExZTYtOGY4OC0zNDM2M2JjN2M0YzAiOnsiY3JlYXRlIjo1NDAwMDAwMDAwMDAwLCJkZWxldGUiOjU0MDAwMDAwMDAwMDAsInJlYWQiOjMwMDAwMDAwMDAwMCwidXBkYXRlIjo1NDAwMDAwMDAwMDAwfX0="
        }
      ]
    },
    {
      "mode": "managed",
      "type": "azurerm_service_plan",
      "name": "appserviceplan",
      "provider": "provider[\"registry.terraform.io/hashicorp/azurerm\"]",
      "instances": [
        {
          "schema_version": 1,
          "attributes": {
            "app_service_environment_id": "",
            "id": "/subscriptions/c8e97c40-96b0-402f-8c6b-9b4dc5911fdc/resourceGroups/project-relativity/providers/Microsoft.Web/serverFarms/my-app-service-plan-78282",
            "kind": "linux",
            "location": "polandcentral",
            "maximum_elastic_worker_count": 1,
            "name": "my-app-service-plan-78282",
            "os_type": "Linux",
            "per_site_scaling_enabled": false,
            "reserved": true,
            "resource_group_name": "project-relativity",
            "sku_name": "B1",
            "tags": null,
            "timeouts": null,
            "worker_count": 1,
            "zone_balancing_enabled": false
          },
          "sensitive_attributes": [],
          "private": "eyJlMmJmYjczMC1lY2FhLTExZTYtOGY4OC0zNDM2M2JjN2M0YzAiOnsiY3JlYXRlIjozNjAwMDAwMDAwMDAwLCJkZWxldGUiOjM2MDAwMDAwMDAwMDAsInJlYWQiOjMwMDAwMDAwMDAwMCwidXBkYXRlIjozNjAwMDAwMDAwMDAwfSwic2NoZW1hX3ZlcnNpb24iOiIxIn0=",
          "dependencies": [
            "azurerm_resource_group.projekt_rg",
            "random_integer.ri"
          ]
        }
      ]
    },
    {
      "mode": "managed",
      "type": "azurerm_storage_account",
      "name": "example",
      "provider": "provider[\"registry.terraform.io/hashicorp/azurerm\"]",
      "instances": [
        {
          "schema_version": 4,
          "attributes": {
            "access_tier": "Hot",
            "account_kind": "StorageV2",
            "account_replication_type": "LRS",
            "account_tier": "Standard",
            "allow_nested_items_to_be_public": true,
            "allowed_copy_scope": "",
            "azure_files_authentication": [],
            "blob_properties": [
              {
                "change_feed_enabled": false,
                "change_feed_retention_in_days": 0,
                "container_delete_retention_policy": [],
                "cors_rule": [],
                "default_service_version": "",
                "delete_retention_policy": [],
                "last_access_time_enabled": false,
                "restore_policy": [],
                "versioning_enabled": false
              }
            ],
            "cross_tenant_replication_enabled": true,
            "custom_domain": [],
            "customer_managed_key": [],
            "default_to_oauth_authentication": false,
            "dns_endpoint_type": "Standard",
            "edge_zone": "",
            "enable_https_traffic_only": true,
            "https_traffic_only_enabled": true,
            "id": "/subscriptions/c8e97c40-96b0-402f-8c6b-9b4dc5911fdc/resourceGroups/project-relativity/providers/Microsoft.Storage/storageAccounts/storagerelativity",
            "identity": [],
            "immutability_policy": [],
            "infrastructure_encryption_enabled": false,
            "is_hns_enabled": false,
            "large_file_share_enabled": false,
            "local_user_enabled": true,
            "location": "polandcentral",
            "min_tls_version": "TLS1_2",
            "name": "storagerelativity",
            "network_rules": [],
            "nfsv3_enabled": false,
            "primary_access_key": "3GePGzWw2NTgkQXE1qrz+NTnl/BRN0WjuHDJcpVhvK2k7l4Be5rDCiFoj1yIk9pVSoHPAMKjayxe+AStoVW3yQ==",
            "primary_blob_connection_string": "DefaultEndpointsProtocol=https;BlobEndpoint=https://storagerelativity.blob.core.windows.net/;AccountName=storagerelativity;AccountKey=3GePGzWw2NTgkQXE1qrz+NTnl/BRN0WjuHDJcpVhvK2k7l4Be5rDCiFoj1yIk9pVSoHPAMKjayxe+AStoVW3yQ==",
            "primary_blob_endpoint": "https://storagerelativity.blob.core.windows.net/",
            "primary_blob_host": "storagerelativity.blob.core.windows.net",
            "primary_blob_internet_endpoint": "",
            "primary_blob_internet_host": "",
            "primary_blob_microsoft_endpoint": "",
            "primary_blob_microsoft_host": "",
            "primary_connection_string": "DefaultEndpointsProtocol=https;AccountName=storagerelativity;AccountKey=3GePGzWw2NTgkQXE1qrz+NTnl/BRN0WjuHDJcpVhvK2k7l4Be5rDCiFoj1yIk9pVSoHPAMKjayxe+AStoVW3yQ==;EndpointSuffix=core.windows.net",
            "primary_dfs_endpoint": "https://storagerelativity.dfs.core.windows.net/",
            "primary_dfs_host": "storagerelativity.dfs.core.windows.net",
            "primary_dfs_internet_endpoint": "",
            "primary_dfs_internet_host": "",
            "primary_dfs_microsoft_endpoint": "",
            "primary_dfs_microsoft_host": "",
            "primary_file_endpoint": "https://storagerelativity.file.core.windows.net/",
            "primary_file_host": "storagerelativity.file.core.windows.net",
            "primary_file_internet_endpoint": "",
            "primary_file_internet_host": "",
            "primary_file_microsoft_endpoint": "",
            "primary_file_microsoft_host": "",
            "primary_location": "polandcentral",
            "primary_queue_endpoint": "https://storagerelativity.queue.core.windows.net/",
            "primary_queue_host": "storagerelativity.queue.core.windows.net",
            "primary_queue_microsoft_endpoint": "",
            "primary_queue_microsoft_host": "",
            "primary_table_endpoint": "https://storagerelativity.table.core.windows.net/",
            "primary_table_host": "storagerelativity.table.core.windows.net",
            "primary_table_microsoft_endpoint": "",
            "primary_table_microsoft_host": "",
            "primary_web_endpoint": "https://storagerelativity.z36.web.core.windows.net/",
            "primary_web_host": "storagerelativity.z36.web.core.windows.net",
            "primary_web_internet_endpoint": "",
            "primary_web_internet_host": "",
            "primary_web_microsoft_endpoint": "",
            "primary_web_microsoft_host": "",
            "public_network_access_enabled": true,
            "queue_encryption_key_type": "Service",
            "queue_properties": [
              {
                "cors_rule": [],
                "hour_metrics": [
                  {
                    "enabled": true,
                    "include_apis": true,
                    "retention_policy_days": 7,
                    "version": "1.0"
                  }
                ],
                "logging": [
                  {
                    "delete": false,
                    "read": false,
                    "retention_policy_days": 0,
                    "version": "1.0",
                    "write": false
                  }
                ],
                "minute_metrics": [
                  {
                    "enabled": false,
                    "include_apis": false,
                    "retention_policy_days": 0,
                    "version": "1.0"
                  }
                ]
              }
            ],
            "resource_group_name": "project-relativity",
            "routing": [],
            "sas_policy": [],
            "secondary_access_key": "EOccqZMSjsQT71QowG/+OyFIeBbMWT7NKJnMPd+CrI3sMXq0p7OKNoxZnAwxWbcIcdRaSrb+xVyF+ASt+LsGVw==",
            "secondary_blob_connection_string": "",
            "secondary_blob_endpoint": "",
            "secondary_blob_host": "",
            "secondary_blob_internet_endpoint": "",
            "secondary_blob_internet_host": "",
            "secondary_blob_microsoft_endpoint": "",
            "secondary_blob_microsoft_host": "",
            "secondary_connection_string": "DefaultEndpointsProtocol=https;AccountName=storagerelativity;AccountKey=EOccqZMSjsQT71QowG/+OyFIeBbMWT7NKJnMPd+CrI3sMXq0p7OKNoxZnAwxWbcIcdRaSrb+xVyF+ASt+LsGVw==;EndpointSuffix=core.windows.net",
            "secondary_dfs_endpoint": "",
            "secondary_dfs_host": "",
            "secondary_dfs_internet_endpoint": "",
            "secondary_dfs_internet_host": "",
            "secondary_dfs_microsoft_endpoint": "",
            "secondary_dfs_microsoft_host": "",
            "secondary_file_endpoint": "",
            "secondary_file_host": "",
            "secondary_file_internet_endpoint": "",
            "secondary_file_internet_host": "",
            "secondary_file_microsoft_endpoint": "",
            "secondary_file_microsoft_host": "",
            "secondary_location": "",
            "secondary_queue_endpoint": "",
            "secondary_queue_host": "",
            "secondary_queue_microsoft_endpoint": "",
            "secondary_queue_microsoft_host": "",
            "secondary_table_endpoint": "",
            "secondary_table_host": "",
            "secondary_table_microsoft_endpoint": "",
            "secondary_table_microsoft_host": "",
            "secondary_web_endpoint": "",
            "secondary_web_host": "",
            "secondary_web_internet_endpoint": "",
            "secondary_web_internet_host": "",
            "secondary_web_microsoft_endpoint": "",
            "secondary_web_microsoft_host": "",
            "sftp_enabled": false,
            "share_properties": [
              {
                "cors_rule": [],
                "retention_policy": [
                  {
                    "days": 7
                  }
                ],
                "smb": []
              }
            ],
            "shared_access_key_enabled": true,
            "static_website": [],
            "table_encryption_key_type": "Service",
            "tags": null,
            "timeouts": null
          },
          "sensitive_attributes": [
            [
              {
                "type": "get_attr",
                "value": "primary_access_key"
              }
            ],
            [
              {
                "type": "get_attr",
                "value": "primary_blob_connection_string"
              }
            ],
            [
              {
                "type": "get_attr",
                "value": "primary_connection_string"
              }
            ],
            [
              {
                "type": "get_attr",
                "value": "secondary_connection_string"
              }
            ],
            [
              {
                "type": "get_attr",
                "value": "secondary_blob_connection_string"
              }
            ],
            [
              {
                "type": "get_attr",
                "value": "secondary_access_key"
              }
            ]
          ],
          "private": "eyJlMmJmYjczMC1lY2FhLTExZTYtOGY4OC0zNDM2M2JjN2M0YzAiOnsiY3JlYXRlIjozNjAwMDAwMDAwMDAwLCJkZWxldGUiOjM2MDAwMDAwMDAwMDAsInJlYWQiOjMwMDAwMDAwMDAwMCwidXBkYXRlIjozNjAwMDAwMDAwMDAwfSwic2NoZW1hX3ZlcnNpb24iOiI0In0=",
          "dependencies": [
            "azurerm_resource_group.projekt_rg"
          ]
        }
      ]
    },
    {
      "mode": "managed",
      "type": "random_integer",
      "name": "ri",
      "provider": "provider[\"registry.terraform.io/hashicorp/random\"]",
      "instances": [
        {
          "schema_version": 0,
          "attributes": {
            "id": "78282",
            "keepers": null,
            "max": 99999,
            "min": 10000,
            "result": 78282,
            "seed": null
          },
          "sensitive_attributes": []
        }
      ]
    }
  ],
  "check_results": null
}
